
Microsoft Visual Studio Solution File, Format Version 12.00
# Visual Studio Version 17
VisualStudioVersion = 17.6.33723.286
MinimumVisualStudioVersion = 10.0.40219.1
Project("{FAE04EC0-301F-11D3-BF4B-00C04F79EFBC}") = "Task11", "Task11\Task11.csproj", "{A32EC0E0-D0AE-4866-9392-B2A17A927B19}"
EndProject
Global
	GlobalSection(SolutionConfigurationPlatforms) = preSolution
		Debug|Any CPU = Debug|Any CPU
		Release|Any CPU = Release|Any CPU
	EndGlobalSection
	GlobalSection(ProjectConfigurationPlatforms) = postSolution
		{A32EC0E0-D0AE-4866-9392-B2A17A927B19}.Debug|Any CPU.ActiveCfg = Debug|Any CPU
		{A32EC0E0-D0AE-4866-9392-B2A17A927B19}.Debug|Any CPU.Build.0 = Debug|Any CPU
		{A32EC0E0-D0AE-4866-9392-B2A17A927B19}.Release|Any CPU.ActiveCfg = Release|Any CPU
		{A32EC0E0-D0AE-4866-9392-B2A17A927B19}.Release|Any CPU.Build.0 = Release|Any CPU
	EndGlobalSection
	GlobalSection(SolutionProperties) = preSolution
		HideSolutionNode = FALSE
	EndGlobalSection
	GlobalSection(ExtensibilityGlobals) = postSolution
		SolutionGuid = {8176C294-F606-434D-BC35-0B7084CEE3C2}
	EndGlobalSection
EndGlobal
